// !$*UTF8*$!
{
	archiveVersion = 1;
	classes = {
	};
	objectVersion = 50;
	objects = {

/* Begin PBXBuildFile section */
		1DC4284927401A6700EDDEDE /* Nathaniel_WeatherApp.swift in Sources */ = {isa = PBXBuildFile; fileRef = 1DC4284827401A6700EDDEDE /* Nathaniel_WeatherApp.swift */; };
		1DC4284B27401A6800EDDEDE /* ContentView.swift in Sources */ = {isa = PBXBuildFile; fileRef = 1DC4284A27401A6800EDDEDE /* ContentView.swift */; };
		1DC4284D27401A6900EDDEDE /* Assets.xcassets in Resources */ = {isa = PBXBuildFile; fileRef = 1DC4284C27401A6900EDDEDE /* Assets.xcassets */; };
		1DC4285027401A6900EDDEDE /* Preview Assets.xcassets in Resources */ = {isa = PBXBuildFile; fileRef = 1DC4284F27401A6900EDDEDE /* Preview Assets.xcassets */; };
		1DC4285F274020D800EDDEDE /* LocationHelper.swift in Sources */ = {isa = PBXBuildFile; fileRef = 1DC4285E274020D800EDDEDE /* LocationHelper.swift */; };
		1DC428632740210D00EDDEDE /* Weather.swift in Sources */ = {isa = PBXBuildFile; fileRef = 1DC428622740210D00EDDEDE /* Weather.swift */; };
		1DC4286A2740215300EDDEDE /* WeatherFetcher.swift in Sources */ = {isa = PBXBuildFile; fileRef = 1DC428692740215300EDDEDE /* WeatherFetcher.swift */; };
/* End PBXBuildFile section */

/* Begin PBXFileReference section */
		1DC4284527401A6700EDDEDE /* Nathaniel_Weather.app */ = {isa = PBXFileReference; explicitFileType = wrapper.application; includeInIndex = 0; path = Nathaniel_Weather.app; sourceTree = BUILT_PRODUCTS_DIR; };
		1DC4284827401A6700EDDEDE /* Nathaniel_WeatherApp.swift */ = {isa = PBXFileReference; lastKnownFileType = sourcecode.swift; path = Nathaniel_WeatherApp.swift; sourceTree = "<group>"; };
		1DC4284A27401A6800EDDEDE /* ContentView.swift */ = {isa = PBXFileReference; lastKnownFileType = sourcecode.swift; path = ContentView.swift; sourceTree = "<group>"; };
		1DC4284C27401A6900EDDEDE /* Assets.xcassets */ = {isa = PBXFileReference; lastKnownFileType = folder.assetcatalog; path = Assets.xcassets; sourceTree = "<group>"; };
		1DC4284F27401A6900EDDEDE /* Preview Assets.xcassets */ = {isa = PBXFileReference; lastKnownFileType = folder.assetcatalog; path = "Preview Assets.xcassets"; sourceTree = "<group>"; };
		1DC4285127401A6900EDDEDE /* Info.plist */ = {isa = PBXFileReference; lastKnownFileType = text.plist.xml; path = Info.plist; sourceTree = "<group>"; };
		1DC4285E274020D800EDDEDE /* LocationHelper.swift */ = {isa = PBXFileReference; lastKnownFileType = sourcecode.swift; path = LocationHelper.swift; sourceTree = "<group>"; };
		1DC428622740210D00EDDEDE /* Weather.swift */ = {isa = PBXFileReference; lastKnownFileType = sourcecode.swift; path = Weather.swift; sourceTree = "<group>"; };
		1DC428692740215300EDDEDE /* WeatherFetcher.swift */ = {isa = PBXFileReference; lastKnownFileType = sourcecode.swift; path = WeatherFetcher.swift; sourceTree = "<group>"; };
/* End PBXFileReference section */

/* Begin PBXFrameworksBuildPhase section */
		1DC4284227401A6700EDDEDE /* Frameworks */ = {
			isa = PBXFrameworksBuildPhase;
			buildActionMask = 2147483647;
			files = (
			);
			runOnlyForDeploymentPostprocessing = 0;
		};
/* End PBXFrameworksBuildPhase section */

/* Begin PBXGroup section */
		1DC4283C27401A6700EDDEDE = {
			isa = PBXGroup;
			children = (
				1DC4284727401A6700EDDEDE /* Nathaniel_Weather */,
				1DC4284627401A6700EDDEDE /* Products */,
			);
			sourceTree = "<group>";
		};
		1DC4284627401A6700EDDEDE /* Products */ = {
			isa = PBXGroup;
			children = (
				1DC4284527401A6700EDDEDE /* Nathaniel_Weather.app */,
			);
			name = Products;
			sourceTree = "<group>";
		};
		1DC4284727401A6700EDDEDE /* Nathaniel_Weather */ = {
			isa = PBXGroup;
			children = (
				1DC42861274020F700EDDEDE /* Models */,
				1DC4285D274020AC00EDDEDE /* Helpers */,
				1DC4284827401A6700EDDEDE /* Nathaniel_WeatherApp.swift */,
				1DC4284A27401A6800EDDEDE /* ContentView.swift */,
				1DC4284C27401A6900EDDEDE /* Assets.xcassets */,
				1DC4285127401A6900EDDEDE /* Info.plist */,
				1DC4284E27401A6900EDDEDE /* Preview Content */,
			);
			path = Nathaniel_Weather;
			sourceTree = "<group>";
		};
		1DC4284E27401A6900EDDEDE /* Preview Content */ = {
			isa = PBXGroup;
			children = (
				1DC4284F27401A6900EDDEDE /* Preview Assets.xcassets */,
			);
			path = "Preview Content";
			sourceTree = "<group>";
		};
		1DC4285D274020AC00EDDEDE /* Helpers */ = {
			isa = PBXGroup;
			children = (
				1DC4285E274020D800EDDEDE /* LocationHelper.swift */,
				1DC428692740215300EDDEDE /* WeatherFetcher.swift */,
			);
			path = Helpers;
			sourceTree = "<group>";
		};
		1DC42861274020F700EDDEDE /* Models */ = {
			isa = PBXGroup;
			children = (
				1DC428622740210D00EDDEDE /* Weather.swift */,
			);
			path = Models;
			sourceTree = "<group>";
		};
/* End PBXGroup section */

/* Begin PBXNativeTarget section */
		1DC4284427401A6700EDDEDE /* Nathaniel_Weather */ = {
			isa = PBXNativeTarget;
			buildConfigurationList = 1DC4285427401A6900EDDEDE /* Build configuration list for PBXNativeTarget "Nathaniel_Weather" */;
			buildPhases = (
				1DC4284127401A6700EDDEDE /* Sources */,
				1DC4284227401A6700EDDEDE /* Frameworks */,
				1DC4284327401A6700EDDEDE /* Resources */,
			);
			buildRules = (
			);
			dependencies = (
			);
			name = Nathaniel_Weather;
			productName = Nathaniel_Weather;
			productReference = 1DC4284527401A6700EDDEDE /* Nathaniel_Weather.app */;
			productType = "com.apple.product-type.application";
		};
/* End PBXNativeTarget section */

/* Begin PBXProject section */
		1DC4283D27401A6700EDDEDE /* Project object */ = {
			isa = PBXProject;
			attributes = {
				LastSwiftUpdateCheck = 1220;
				LastUpgradeCheck = 1220;
				TargetAttributes = {
					1DC4284427401A6700EDDEDE = {
						CreatedOnToolsVersion = 12.2;
					};
				};
			};
			buildConfigurationList = 1DC4284027401A6700EDDEDE /* Build configuration list for PBXProject "Nathaniel_Weather" */;
			compatibilityVersion = "Xcode 9.3";
			developmentRegion = en;
			hasScannedForEncodings = 0;
			knownRegions = (
				en,
				Base,
			);
			mainGroup = 1DC4283C27401A6700EDDEDE;
			productRefGroup = 1DC4284627401A6700EDDEDE /* Products */;
			projectDirPath = "";
			projectRoot = "";
			targets = (
				1DC4284427401A6700EDDEDE /* Nathaniel_Weather */,
			);
		};
/* End PBXProject section */

/* Begin PBXResourcesBuildPhase section */
		1DC4284327401A6700EDDEDE /* Resources */ = {
			isa = PBXResourcesBuildPhase;
			buildActionMask = 2147483647;
			files = (
				1DC4285027401A6900EDDEDE /* Preview Assets.xcassets in Resources */,
				1DC4284D27401A6900EDDEDE /* Assets.xcassets in Resources */,
			);
			runOnlyForDeploymentPostprocessing = 0;
		};
/* End PBXResourcesBuildPhase section */

/* Begin PBXSourcesBuildPhase section */
		1DC4284127401A6700EDDEDE /* Sources */ = {
			isa = PBXSourcesBuildPhase;
			buildActionMask = 2147483647;
			files = (
				1DC428632740210D00EDDEDE /* Weather.swift in Sources */,
				1DC4286A2740215300EDDEDE /* WeatherFetcher.swift in Sources */,
				1DC4285F274020D800EDDEDE /* LocationHelper.swift in Sources */,
				1DC4284B27401A6800EDDEDE /* ContentView.swift in Sources */,
				1DC4284927401A6700EDDEDE /* Nathaniel_WeatherApp.swift in Sources */,
			);
			runOnlyForDeploymentPostprocessing = 0;
		};
/* End PBXSourcesBuildPhase section */

/* Begin XCBuildConfiguration section */
		1DC4285227401A6900EDDEDE /* Debug */ = {
			isa = XCBuildConfiguration;
			buildSettings = {
				ALWAYS_SEARCH_USER_PATHS = NO;
				CLANG_ANALYZER_NONNULL = YES;
				CLANG_ANALYZER_NUMBER_OBJECT_CONVERSION = YES_AGGRESSIVE;
				CLANG_CXX_LANGUAGE_STANDARD = "gnu++14";
				CLANG_CXX_LIBRARY = "libc++";
				CLANG_ENABLE_MODULES = YES;
				CLANG_ENABLE_OBJC_ARC = YES;
				CLANG_ENABLE_OBJC_WEAK = YES;
				CLANG_WARN_BLOCK_CAPTURE_AUTORELEASING = YES;
				CLANG_WARN_BOOL_CONVERSION = YES;
				CLANG_WARN_COMMA = YES;
				CLANG_WARN_CONSTANT_CONVERSION = YES;
				CLANG_WARN_DEPRECATED_OBJC_IMPLEMENTATIONS = YES;
				CLANG_WARN_DIRECT_OBJC_ISA_USAGE = YES_ERROR;
				CLANG_WARN_DOCUMENTATION_COMMENTS = YES;
				CLANG_WARN_EMPTY_BODY = YES;
				CLANG_WARN_ENUM_CONVERSION = YES;
				CLANG_WARN_INFINITE_RECURSION = YES;
				CLANG_WARN_INT_CONVERSION = YES;
				CLANG_WARN_NON_LITERAL_NULL_CONVERSION = YES;
				CLANG_WARN_OBJC_IMPLICIT_RETAIN_SELF = YES;
				CLANG_WARN_OBJC_LITERAL_CONVERSION = YES;
				CLANG_WARN_OBJC_ROOT_CLASS = YES_ERROR;
				CLANG_WARN_QUOTED_INCLUDE_IN_FRAMEWORK_HEADER = YES;
				CLANG_WARN_RANGE_LOOP_ANALYSIS = YES;
				CLANG_WARN_STRICT_PROTOTYPES = YES;
				CLANG_WARN_SUSPICIOUS_MOVE = YES;
				CLANG_WARN_UNGUARDED_AVAILABILITY = YES_AGGRESSIVE;
				CLANG_WARN_UNREACHABLE_CODE = YES;
				CLANG_WARN__DUPLICATE_METHOD_MATCH = YES;
				COPY_PHASE_STRIP = NO;
				DEBUG_INFORMATION_FORMAT = dwarf;
				ENABLE_STRICT_OBJC_MSGSEND = YES;
				ENABLE_TESTABILITY = YES;
				GCC_C_LANGUAGE_STANDARD = gnu11;
				GCC_DYNAMIC_NO_PIC = NO;
				GCC_NO_COMMON_BLOCKS = YES;
				GCC_OPTIMIZATION_LEVEL = 0;
				GCC_PREPROCESSOR_DEFINITIONS = (
					"DEBUG=1",
					"$(inherited)",
				);
				GCC_WARN_64_TO_32_BIT_CONVERSION = YES;
				GCC_WARN_ABOUT_RETURN_TYPE = YES_ERROR;
				GCC_WARN_UNDECLARED_SELECTOR = YES;
				GCC_WARN_UNINITIALIZED_AUTOS = YES_AGGRESSIVE;
				GCC_WARN_UNUSED_FUNCTION = YES;
				GCC_WARN_UNUSED_VARIABLE = YES;
				IPHONEOS_DEPLOYMENT_TARGET = 14.2;
				MTL_ENABLE_DEBUG_INFO = INCLUDE_SOURCE;
				MTL_FAST_MATH = YES;
				ONLY_ACTIVE_ARCH = YES;
				SDKROOT = iphoneos;
				SWIFT_ACTIVE_COMPILATION_CONDITIONS = DEBUG;
				SWIFT_OPTIMIZATION_LEVEL = "-Onone";
			};
			name = Debug;
		};
		1DC4285327401A6900EDDEDE /* Release */ = {
			isa = XCBuildConfiguration;
			buildSettings = {
				ALWAYS_SEARCH_USER_PATHS = NO;
				CLANG_ANALYZER_NONNULL = YES;
				CLANG_ANALYZER_NUMBER_OBJECT_CONVERSION = YES_AGGRESSIVE;
				CLANG_CXX_LANGUAGE_STANDARD = "gnu++14";
				CLANG_CXX_LIBRARY = "libc++";
				CLANG_ENABLE_MODULES = YES;
				CLANG_ENABLE_OBJC_ARC = YES;
				CLANG_ENABLE_OBJC_WEAK = YES;
				CLANG_WARN_BLOCK_CAPTURE_AUTORELEASING = YES;
				CLANG_WARN_BOOL_CONVERSION = YES;
				CLANG_WARN_COMMA = YES;
				CLANG_WARN_CONSTANT_CONVERSION = YES;
				CLANG_WARN_DEPRECATED_OBJC_IMPLEMENTATIONS = YES;
				CLANG_WARN_DIRECT_OBJC_ISA_USAGE = YES_ERROR;
				CLANG_WARN_DOCUMENTATION_COMMENTS = YES;
				CLANG_WARN_EMPTY_BODY = YES;
				CLANG_WARN_ENUM_CONVERSION = YES;
				CLANG_WARN_INFINITE_RECURSION = YES;
				CLANG_WARN_INT_CONVERSION = YES;
				CLANG_WARN_NON_LITERAL_NULL_CONVERSION = YES;
				CLANG_WARN_OBJC_IMPLICIT_RETAIN_SELF = YES;
				CLANG_WARN_OBJC_LITERAL_CONVERSION = YES;
				CLANG_WARN_OBJC_ROOT_CLASS = YES_ERROR;
				CLANG_WARN_QUOTED_INCLUDE_IN_FRAMEWORK_HEADER = YES;
				CLANG_WARN_RANGE_LOOP_ANALYSIS = YES;
				CLANG_WARN_STRICT_PROTOTYPES = YES;
				CLANG_WARN_SUSPICIOUS_MOVE = YES;
				CLANG_WARN_UNGUARDED_AVAILABILITY = YES_AGGRESSIVE;
				CLANG_WARN_UNREACHABLE_CODE = YES;
				CLANG_WARN__DUPLICATE_METHOD_MATCH = YES;
				COPY_PHASE_STRIP = NO;
				DEBUG_INFORMATION_FORMAT = "dwarf-with-dsym";
				ENABLE_NS_ASSERTIONS = NO;
				ENABLE_STRICT_OBJC_MSGSEND = YES;
				GCC_C_LANGUAGE_STANDARD = gnu11;
				GCC_NO_COMMON_BLOCKS = YES;
				GCC_WARN_64_TO_32_BIT_CONVERSION = YES;
				GCC_WARN_ABOUT_RETURN_TYPE = YES_ERROR;
				GCC_WARN_UNDECLARED_SELECTOR = YES;
				GCC_WARN_UNINITIALIZED_AUTOS = YES_AGGRESSIVE;
				GCC_WARN_UNUSED_FUNCTION = YES;
				GCC_WARN_UNUSED_VARIABLE = YES;
				IPHONEOS_DEPLOYMENT_TARGET = 14.2;
				MTL_ENABLE_DEBUG_INFO = NO;
				MTL_FAST_MATH = YES;
				SDKROOT = iphoneos;
				SWIFT_COMPILATION_MODE = wholemodule;
				SWIFT_OPTIMIZATION_LEVEL = "-O";
				VALIDATE_PRODUCT = YES;
			};
			name = Release;
		};
		1DC4285527401A6900EDDEDE /* Debug */ = {
			isa = XCBuildConfiguration;
			buildSettings = {
				ASSETCATALOG_COMPILER_APPICON_NAME = AppIcon;
				ASSETCATALOG_COMPILER_GLOBAL_ACCENT_COLOR_NAME = AccentColor;
				CODE_SIGN_STYLE = Automatic;
				DEVELOPMENT_ASSET_PATHS = "\"Nathaniel_Weather/Preview Content\"";
				ENABLE_PREVIEWS = YES;
				INFOPLIST_FILE = Nathaniel_Weather/Info.plist;
				IPHONEOS_DEPLOYMENT_TARGET = 14.0;
				LD_RUNPATH_SEARCH_PATHS = (
					"$(inherited)",
					"@executable_path/Frameworks",
				);
				PRODUCT_BUNDLE_IDENTIFIER = "Sheridan.Nathaniel-Weather";
				PRODUCT_NAME = "$(TARGET_NAME)";
				SWIFT_VERSION = 5.0;
				TARGETED_DEVICE_FAMILY = "1,2";
			};
			name = Debug;
		};
		1DC4285627401A6900EDDEDE /* Release */ = {
			isa = XCBuildConfiguration;
			buildSettings = {
				ASSETCATALOG_COMPILER_APPICON_NAME = AppIcon;
				ASSETCATALOG_COMPILER_GLOBAL_ACCENT_COLOR_NAME = AccentColor;
				CODE_SIGN_STYLE = Automatic;
				DEVELOPMENT_ASSET_PATHS = "\"Nathaniel_Weather/Preview Content\"";
				ENABLE_PREVIEWS = YES;
				INFOPLIST_FILE = Nathaniel_Weather/Info.plist;
				IPHONEOS_DEPLOYMENT_TARGET = 14.0;
				LD_RUNPATH_SEARCH_PATHS = (
					"$(inherited)",
					"@executable_path/Frameworks",
				);
				PRODUCT_BUNDLE_IDENTIFIER = "Sheridan.Nathaniel-Weather";
				PRODUCT_NAME = "$(TARGET_NAME)";
				SWIFT_VERSION = 5.0;
				TARGETED_DEVICE_FAMILY = "1,2";
			};
			name = Release;
		};
/* End XCBuildConfiguration section */

/* Begin XCConfigurationList section */
		1DC4284027401A6700EDDEDE /* Build configuration list for PBXProject "Nathaniel_Weather" */ = {
			isa = XCConfigurationList;
			buildConfigurations = (
				1DC4285227401A6900EDDEDE /* Debug */,
				1DC4285327401A6900EDDEDE /* Release */,
			);
			defaultConfigurationIsVisible = 0;
			defaultConfigurationName = Release;
		};
		1DC4285427401A6900EDDEDE /* Build configuration list for PBXNativeTarget "Nathaniel_Weather" */ = {
			isa = XCConfigurationList;
			buildConfigurations = (
				1DC4285527401A6900EDDEDE /* Debug */,
				1DC4285627401A6900EDDEDE /* Release */,
			);
			defaultConfigurationIsVisible = 0;
			defaultConfigurationName = Release;
		};
/* End XCConfigurationList section */
	};
	rootObject = 1DC4283D27401A6700EDDEDE /* Project object */;
}
